
Microsoft Visual Studio Solution File, Format Version 12.00
# Visual Studio Version 16
VisualStudioVersion = 16.0.31729.503
MinimumVisualStudioVersion = 10.0.40219.1
Project("{9A19103F-16F7-4668-BE54-9A1E7A4F7556}") = "Lottie", "Lottie\Lottie.csproj", "{E7A22952-119B-4419-BBA2-4E7D47E281EB}"
EndProject
Global
	GlobalSection(SolutionConfigurationPlatforms) = preSolution
		Debug|Any CPU = Debug|Any CPU
		Release|Any CPU = Release|Any CPU
	EndGlobalSection
	GlobalSection(ProjectConfigurationPlatforms) = postSolution
		{E7A22952-119B-4419-BBA2-4E7D47E281EB}.Debug|Any CPU.ActiveCfg = Debug|Any CPU
		{E7A22952-119B-4419-BBA2-4E7D47E281EB}.Debug|Any CPU.Build.0 = Debug|Any CPU
		{E7A22952-119B-4419-BBA2-4E7D47E281EB}.Release|Any CPU.ActiveCfg = Release|Any CPU
		{E7A22952-119B-4419-BBA2-4E7D47E281EB}.Release|Any CPU.Build.0 = Release|Any CPU
	EndGlobalSection
	GlobalSection(SolutionProperties) = preSolution
		HideSolutionNode = FALSE
	EndGlobalSection
	GlobalSection(ExtensibilityGlobals) = postSolution
		SolutionGuid = {2A9058EF-BB89-492A-80A6-6F6424D2BFEB}
	EndGlobalSection
EndGlobal
